
Microsoft Visual Studio Solution File, Format Version 12.00
# Visual Studio Version 16
VisualStudioVersion = 16.0.32428.217
MinimumVisualStudioVersion = 10.0.40219.1
Project("{9A19103F-16F7-4668-BE54-9A1E7A4F7556}") = "StudentApi", "StudentApi.csproj", "{0D19231A-1100-4C4D-AF18-F70C7475B689}"
EndProject
Project("{9A19103F-16F7-4668-BE54-9A1E7A4F7556}") = "StudentLibrary", "..\StudentLibrary\StudentLibrary.csproj", "{D79C41DD-3E33-4B33-BD06-4F86A8A08411}"
EndProject
Project("{FAE04EC0-301F-11D3-BF4B-00C04F79EFBC}") = "StudentApiTest", "..\StudentApiTest\StudentApiTest.csproj", "{D60001FD-FDB7-44B2-8FC6-449C1A16BC26}"
EndProject
Global
	GlobalSection(SolutionConfigurationPlatforms) = preSolution
		Debug|Any CPU = Debug|Any CPU
		Release|Any CPU = Release|Any CPU
	EndGlobalSection
	GlobalSection(ProjectConfigurationPlatforms) = postSolution
		{0D19231A-1100-4C4D-AF18-F70C7475B689}.Debug|Any CPU.ActiveCfg = Debug|Any CPU
		{0D19231A-1100-4C4D-AF18-F70C7475B689}.Debug|Any CPU.Build.0 = Debug|Any CPU
		{0D19231A-1100-4C4D-AF18-F70C7475B689}.Release|Any CPU.ActiveCfg = Release|Any CPU
		{0D19231A-1100-4C4D-AF18-F70C7475B689}.Release|Any CPU.Build.0 = Release|Any CPU
		{D79C41DD-3E33-4B33-BD06-4F86A8A08411}.Debug|Any CPU.ActiveCfg = Debug|Any CPU
		{D79C41DD-3E33-4B33-BD06-4F86A8A08411}.Debug|Any CPU.Build.0 = Debug|Any CPU
		{D79C41DD-3E33-4B33-BD06-4F86A8A08411}.Release|Any CPU.ActiveCfg = Release|Any CPU
		{D79C41DD-3E33-4B33-BD06-4F86A8A08411}.Release|Any CPU.Build.0 = Release|Any CPU
		{D60001FD-FDB7-44B2-8FC6-449C1A16BC26}.Debug|Any CPU.ActiveCfg = Debug|Any CPU
		{D60001FD-FDB7-44B2-8FC6-449C1A16BC26}.Debug|Any CPU.Build.0 = Debug|Any CPU
		{D60001FD-FDB7-44B2-8FC6-449C1A16BC26}.Release|Any CPU.ActiveCfg = Release|Any CPU
		{D60001FD-FDB7-44B2-8FC6-449C1A16BC26}.Release|Any CPU.Build.0 = Release|Any CPU
	EndGlobalSection
	GlobalSection(SolutionProperties) = preSolution
		HideSolutionNode = FALSE
	EndGlobalSection
	GlobalSection(ExtensibilityGlobals) = postSolution
		SolutionGuid = {E19914E7-7877-4B01-9142-2E8F9F303311}
	EndGlobalSection
EndGlobal
